// !$*UTF8*$!
{
	archiveVersion = 1;
	classes = {
	};
	objectVersion = 50;
	objects = {

/* Begin PBXBuildFile section */
		885D7F0D2257DE2100EE6CD3 /* AppDelegate.swift in Sources */ = {isa = PBXBuildFile; fileRef = 885D7F0C2257DE2100EE6CD3 /* AppDelegate.swift */; };
		885D7F122257DE2100EE6CD3 /* Main.storyboard in Resources */ = {isa = PBXBuildFile; fileRef = 885D7F102257DE2100EE6CD3 /* Main.storyboard */; };
		885D7F142257DE2300EE6CD3 /* Assets.xcassets in Resources */ = {isa = PBXBuildFile; fileRef = 885D7F132257DE2300EE6CD3 /* Assets.xcassets */; };
		885D7F172257DE2300EE6CD3 /* LaunchScreen.storyboard in Resources */ = {isa = PBXBuildFile; fileRef = 885D7F152257DE2300EE6CD3 /* LaunchScreen.storyboard */; };
		885D7F222257DE2300EE6CD3 /* ColorsTableViewTests.swift in Sources */ = {isa = PBXBuildFile; fileRef = 885D7F212257DE2300EE6CD3 /* ColorsTableViewTests.swift */; };
		885D7F2D2257DE2300EE6CD3 /* ColorsTableViewUITests.swift in Sources */ = {isa = PBXBuildFile; fileRef = 885D7F2C2257DE2300EE6CD3 /* ColorsTableViewUITests.swift */; };
		885D7F3B2257DE6500EE6CD3 /* ColorsViewController.swift in Sources */ = {isa = PBXBuildFile; fileRef = 885D7F3A2257DE6500EE6CD3 /* ColorsViewController.swift */; };
/* End PBXBuildFile section */

/* Begin PBXContainerItemProxy section */
		885D7F1E2257DE2300EE6CD3 /* PBXContainerItemProxy */ = {
			isa = PBXContainerItemProxy;
			containerPortal = 885D7F012257DE2100EE6CD3 /* Project object */;
			proxyType = 1;
			remoteGlobalIDString = 885D7F082257DE2100EE6CD3;
			remoteInfo = ColorsTableView;
		};
		885D7F292257DE2300EE6CD3 /* PBXContainerItemProxy */ = {
			isa = PBXContainerItemProxy;
			containerPortal = 885D7F012257DE2100EE6CD3 /* Project object */;
			proxyType = 1;
			remoteGlobalIDString = 885D7F082257DE2100EE6CD3;
			remoteInfo = ColorsTableView;
		};
/* End PBXContainerItemProxy section */

/* Begin PBXFileReference section */
		885D7F092257DE2100EE6CD3 /* ColorsTableView.app */ = {isa = PBXFileReference; explicitFileType = wrapper.application; includeInIndex = 0; path = ColorsTableView.app; sourceTree = BUILT_PRODUCTS_DIR; };
		885D7F0C2257DE2100EE6CD3 /* AppDelegate.swift */ = {isa = PBXFileReference; lastKnownFileType = sourcecode.swift; path = AppDelegate.swift; sourceTree = "<group>"; };
		885D7F112257DE2100EE6CD3 /* Base */ = {isa = PBXFileReference; lastKnownFileType = file.storyboard; name = Base; path = Base.lproj/Main.storyboard; sourceTree = "<group>"; };
		885D7F132257DE2300EE6CD3 /* Assets.xcassets */ = {isa = PBXFileReference; lastKnownFileType = folder.assetcatalog; path = Assets.xcassets; sourceTree = "<group>"; };
		885D7F162257DE2300EE6CD3 /* Base */ = {isa = PBXFileReference; lastKnownFileType = file.storyboard; name = Base; path = Base.lproj/LaunchScreen.storyboard; sourceTree = "<group>"; };
		885D7F182257DE2300EE6CD3 /* Info.plist */ = {isa = PBXFileReference; lastKnownFileType = text.plist.xml; path = Info.plist; sourceTree = "<group>"; };
		885D7F1D2257DE2300EE6CD3 /* ColorsTableViewTests.xctest */ = {isa = PBXFileReference; explicitFileType = wrapper.cfbundle; includeInIndex = 0; path = ColorsTableViewTests.xctest; sourceTree = BUILT_PRODUCTS_DIR; };
		885D7F212257DE2300EE6CD3 /* ColorsTableViewTests.swift */ = {isa = PBXFileReference; lastKnownFileType = sourcecode.swift; path = ColorsTableViewTests.swift; sourceTree = "<group>"; };
		885D7F232257DE2300EE6CD3 /* Info.plist */ = {isa = PBXFileReference; lastKnownFileType = text.plist.xml; path = Info.plist; sourceTree = "<group>"; };
		885D7F282257DE2300EE6CD3 /* ColorsTableViewUITests.xctest */ = {isa = PBXFileReference; explicitFileType = wrapper.cfbundle; includeInIndex = 0; path = ColorsTableViewUITests.xctest; sourceTree = BUILT_PRODUCTS_DIR; };
		885D7F2C2257DE2300EE6CD3 /* ColorsTableViewUITests.swift */ = {isa = PBXFileReference; lastKnownFileType = sourcecode.swift; path = ColorsTableViewUITests.swift; sourceTree = "<group>"; };
		885D7F2E2257DE2300EE6CD3 /* Info.plist */ = {isa = PBXFileReference; lastKnownFileType = text.plist.xml; path = Info.plist; sourceTree = "<group>"; };
		885D7F3A2257DE6500EE6CD3 /* ColorsViewController.swift */ = {isa = PBXFileReference; lastKnownFileType = sourcecode.swift; path = ColorsViewController.swift; sourceTree = "<group>"; };
/* End PBXFileReference section */

/* Begin PBXFrameworksBuildPhase section */
		885D7F062257DE2100EE6CD3 /* Frameworks */ = {
			isa = PBXFrameworksBuildPhase;
			buildActionMask = 2147483647;
			files = (
			);
			runOnlyForDeploymentPostprocessing = 0;
		};
		885D7F1A2257DE2300EE6CD3 /* Frameworks */ = {
			isa = PBXFrameworksBuildPhase;
			buildActionMask = 2147483647;
			files = (
			);
			runOnlyForDeploymentPostprocessing = 0;
		};
		885D7F252257DE2300EE6CD3 /* Frameworks */ = {
			isa = PBXFrameworksBuildPhase;
			buildActionMask = 2147483647;
			files = (
			);
			runOnlyForDeploymentPostprocessing = 0;
		};
/* End PBXFrameworksBuildPhase section */

/* Begin PBXGroup section */
		885D7F002257DE2100EE6CD3 = {
			isa = PBXGroup;
			children = (
				885D7F0B2257DE2100EE6CD3 /* ColorsTableView */,
				885D7F202257DE2300EE6CD3 /* ColorsTableViewTests */,
				885D7F2B2257DE2300EE6CD3 /* ColorsTableViewUITests */,
				885D7F0A2257DE2100EE6CD3 /* Products */,
			);
			sourceTree = "<group>";
		};
		885D7F0A2257DE2100EE6CD3 /* Products */ = {
			isa = PBXGroup;
			children = (
				885D7F092257DE2100EE6CD3 /* ColorsTableView.app */,
				885D7F1D2257DE2300EE6CD3 /* ColorsTableViewTests.xctest */,
				885D7F282257DE2300EE6CD3 /* ColorsTableViewUITests.xctest */,
			);
			name = Products;
			sourceTree = "<group>";
		};
		885D7F0B2257DE2100EE6CD3 /* ColorsTableView */ = {
			isa = PBXGroup;
			children = (
				885D7F0C2257DE2100EE6CD3 /* AppDelegate.swift */,
				885D7F102257DE2100EE6CD3 /* Main.storyboard */,
				885D7F132257DE2300EE6CD3 /* Assets.xcassets */,
				885D7F152257DE2300EE6CD3 /* LaunchScreen.storyboard */,
				885D7F182257DE2300EE6CD3 /* Info.plist */,
				885D7F3A2257DE6500EE6CD3 /* ColorsViewController.swift */,
			);
			path = ColorsTableView;
			sourceTree = "<group>";
		};
		885D7F202257DE2300EE6CD3 /* ColorsTableViewTests */ = {
			isa = PBXGroup;
			children = (
				885D7F212257DE2300EE6CD3 /* ColorsTableViewTests.swift */,
				885D7F232257DE2300EE6CD3 /* Info.plist */,
			);
			path = ColorsTableViewTests;
			sourceTree = "<group>";
		};
		885D7F2B2257DE2300EE6CD3 /* ColorsTableViewUITests */ = {
			isa = PBXGroup;
			children = (
				885D7F2C2257DE2300EE6CD3 /* ColorsTableViewUITests.swift */,
				885D7F2E2257DE2300EE6CD3 /* Info.plist */,
			);
			path = ColorsTableViewUITests;
			sourceTree = "<group>";
		};
/* End PBXGroup section */

/* Begin PBXNativeTarget section */
		885D7F082257DE2100EE6CD3 /* ColorsTableView */ = {
			isa = PBXNativeTarget;
			buildConfigurationList = 885D7F312257DE2300EE6CD3 /* Build configuration list for PBXNativeTarget "ColorsTableView" */;
			buildPhases = (
				885D7F052257DE2100EE6CD3 /* Sources */,
				885D7F062257DE2100EE6CD3 /* Frameworks */,
				885D7F072257DE2100EE6CD3 /* Resources */,
			);
			buildRules = (
			);
			dependencies = (
			);
			name = ColorsTableView;
			productName = ColorsTableView;
			productReference = 885D7F092257DE2100EE6CD3 /* ColorsTableView.app */;
			productType = "com.apple.product-type.application";
		};
		885D7F1C2257DE2300EE6CD3 /* ColorsTableViewTests */ = {
			isa = PBXNativeTarget;
			buildConfigurationList = 885D7F342257DE2300EE6CD3 /* Build configuration list for PBXNativeTarget "ColorsTableViewTests" */;
			buildPhases = (
				885D7F192257DE2300EE6CD3 /* Sources */,
				885D7F1A2257DE2300EE6CD3 /* Frameworks */,
				885D7F1B2257DE2300EE6CD3 /* Resources */,
			);
			buildRules = (
			);
			dependencies = (
				885D7F1F2257DE2300EE6CD3 /* PBXTargetDependency */,
			);
			name = ColorsTableViewTests;
			productName = ColorsTableViewTests;
			productReference = 885D7F1D2257DE2300EE6CD3 /* ColorsTableViewTests.xctest */;
			productType = "com.apple.product-type.bundle.unit-test";
		};
		885D7F272257DE2300EE6CD3 /* ColorsTableViewUITests */ = {
			isa = PBXNativeTarget;
			buildConfigurationList = 885D7F372257DE2300EE6CD3 /* Build configuration list for PBXNativeTarget "ColorsTableViewUITests" */;
			buildPhases = (
				885D7F242257DE2300EE6CD3 /* Sources */,
				885D7F252257DE2300EE6CD3 /* Frameworks */,
				885D7F262257DE2300EE6CD3 /* Resources */,
			);
			buildRules = (
			);
			dependencies = (
				885D7F2A2257DE2300EE6CD3 /* PBXTargetDependency */,
			);
			name = ColorsTableViewUITests;
			productName = ColorsTableViewUITests;
			productReference = 885D7F282257DE2300EE6CD3 /* ColorsTableViewUITests.xctest */;
			productType = "com.apple.product-type.bundle.ui-testing";
		};
/* End PBXNativeTarget section */

/* Begin PBXProject section */
		885D7F012257DE2100EE6CD3 /* Project object */ = {
			isa = PBXProject;
			attributes = {
				LastSwiftUpdateCheck = 1020;
				LastUpgradeCheck = 1020;
				ORGANIZATIONNAME = "John Williams III";
				TargetAttributes = {
					885D7F082257DE2100EE6CD3 = {
						CreatedOnToolsVersion = 10.2;
					};
					885D7F1C2257DE2300EE6CD3 = {
						CreatedOnToolsVersion = 10.2;
						TestTargetID = 885D7F082257DE2100EE6CD3;
					};
					885D7F272257DE2300EE6CD3 = {
						CreatedOnToolsVersion = 10.2;
						TestTargetID = 885D7F082257DE2100EE6CD3;
					};
				};
			};
			buildConfigurationList = 885D7F042257DE2100EE6CD3 /* Build configuration list for PBXProject "ColorsTableView" */;
			compatibilityVersion = "Xcode 9.3";
			developmentRegion = en;
			hasScannedForEncodings = 0;
			knownRegions = (
				en,
				Base,
			);
			mainGroup = 885D7F002257DE2100EE6CD3;
			productRefGroup = 885D7F0A2257DE2100EE6CD3 /* Products */;
			projectDirPath = "";
			projectRoot = "";
			targets = (
				885D7F082257DE2100EE6CD3 /* ColorsTableView */,
				885D7F1C2257DE2300EE6CD3 /* ColorsTableViewTests */,
				885D7F272257DE2300EE6CD3 /* ColorsTableViewUITests */,
			);
		};
/* End PBXProject section */

/* Begin PBXResourcesBuildPhase section */
		885D7F072257DE2100EE6CD3 /* Resources */ = {
			isa = PBXResourcesBuildPhase;
			buildActionMask = 2147483647;
			files = (
				885D7F172257DE2300EE6CD3 /* LaunchScreen.storyboard in Resources */,
				885D7F142257DE2300EE6CD3 /* Assets.xcassets in Resources */,
				885D7F122257DE2100EE6CD3 /* Main.storyboard in Resources */,
			);
			runOnlyForDeploymentPostprocessing = 0;
		};
		885D7F1B2257DE2300EE6CD3 /* Resources */ = {
			isa = PBXResourcesBuildPhase;
			buildActionMask = 2147483647;
			files = (
			);
			runOnlyForDeploymentPostprocessing = 0;
		};
		885D7F262257DE2300EE6CD3 /* Resources */ = {
			isa = PBXResourcesBuildPhase;
			buildActionMask = 2147483647;
			files = (
			);
			runOnlyForDeploymentPostprocessing = 0;
		};
/* End PBXResourcesBuildPhase section */

/* Begin PBXSourcesBuildPhase section */
		885D7F052257DE2100EE6CD3 /* Sources */ = {
			isa = PBXSourcesBuildPhase;
			buildActionMask = 2147483647;
			files = (
				885D7F3B2257DE6500EE6CD3 /* ColorsViewController.swift in Sources */,
				885D7F0D2257DE2100EE6CD3 /* AppDelegate.swift in Sources */,
			);
			runOnlyForDeploymentPostprocessing = 0;
		};
		885D7F192257DE2300EE6CD3 /* Sources */ = {
			isa = PBXSourcesBuildPhase;
			buildActionMask = 2147483647;
			files = (
				885D7F222257DE2300EE6CD3 /* ColorsTableViewTests.swift in Sources */,
			);
			runOnlyForDeploymentPostprocessing = 0;
		};
		885D7F242257DE2300EE6CD3 /* Sources */ = {
			isa = PBXSourcesBuildPhase;
			buildActionMask = 2147483647;
			files = (
				885D7F2D2257DE2300EE6CD3 /* ColorsTableViewUITests.swift in Sources */,
			);
			runOnlyForDeploymentPostprocessing = 0;
		};
/* End PBXSourcesBuildPhase section */

/* Begin PBXTargetDependency section */
		885D7F1F2257DE2300EE6CD3 /* PBXTargetDependency */ = {
			isa = PBXTargetDependency;
			target = 885D7F082257DE2100EE6CD3 /* ColorsTableView */;
			targetProxy = 885D7F1E2257DE2300EE6CD3 /* PBXContainerItemProxy */;
		};
		885D7F2A2257DE2300EE6CD3 /* PBXTargetDependency */ = {
			isa = PBXTargetDependency;
			target = 885D7F082257DE2100EE6CD3 /* ColorsTableView */;
			targetProxy = 885D7F292257DE2300EE6CD3 /* PBXContainerItemProxy */;
		};
/* End PBXTargetDependency section */

/* Begin PBXVariantGroup section */
		885D7F102257DE2100EE6CD3 /* Main.storyboard */ = {
			isa = PBXVariantGroup;
			children = (
				885D7F112257DE2100EE6CD3 /* Base */,
			);
			name = Main.storyboard;
			sourceTree = "<group>";
		};
		885D7F152257DE2300EE6CD3 /* LaunchScreen.storyboard */ = {
			isa = PBXVariantGroup;
			children = (
				885D7F162257DE2300EE6CD3 /* Base */,
			);
			name = LaunchScreen.storyboard;
			sourceTree = "<group>";
		};
/* End PBXVariantGroup section */

/* Begin XCBuildConfiguration section */
		885D7F2F2257DE2300EE6CD3 /* Debug */ = {
			isa = XCBuildConfiguration;
			buildSettings = {
				ALWAYS_SEARCH_USER_PATHS = NO;
				CLANG_ANALYZER_NONNULL = YES;
				CLANG_ANALYZER_NUMBER_OBJECT_CONVERSION = YES_AGGRESSIVE;
				CLANG_CXX_LANGUAGE_STANDARD = "gnu++14";
				CLANG_CXX_LIBRARY = "libc++";
				CLANG_ENABLE_MODULES = YES;
				CLANG_ENABLE_OBJC_ARC = YES;
				CLANG_ENABLE_OBJC_WEAK = YES;
				CLANG_WARN_BLOCK_CAPTURE_AUTORELEASING = YES;
				CLANG_WARN_BOOL_CONVERSION = YES;
				CLANG_WARN_COMMA = YES;
				CLANG_WARN_CONSTANT_CONVERSION = YES;
				CLANG_WARN_DEPRECATED_OBJC_IMPLEMENTATIONS = YES;
				CLANG_WARN_DIRECT_OBJC_ISA_USAGE = YES_ERROR;
				CLANG_WARN_DOCUMENTATION_COMMENTS = YES;
				CLANG_WARN_EMPTY_BODY = YES;
				CLANG_WARN_ENUM_CONVERSION = YES;
				CLANG_WARN_INFINITE_RECURSION = YES;
				CLANG_WARN_INT_CONVERSION = YES;
				CLANG_WARN_NON_LITERAL_NULL_CONVERSION = YES;
				CLANG_WARN_OBJC_IMPLICIT_RETAIN_SELF = YES;
				CLANG_WARN_OBJC_LITERAL_CONVERSION = YES;
				CLANG_WARN_OBJC_ROOT_CLASS = YES_ERROR;
				CLANG_WARN_RANGE_LOOP_ANALYSIS = YES;
				CLANG_WARN_STRICT_PROTOTYPES = YES;
				CLANG_WARN_SUSPICIOUS_MOVE = YES;
				CLANG_WARN_UNGUARDED_AVAILABILITY = YES_AGGRESSIVE;
				CLANG_WARN_UNREACHABLE_CODE = YES;
				CLANG_WARN__DUPLICATE_METHOD_MATCH = YES;
				CODE_SIGN_IDENTITY = "iPhone Developer";
				COPY_PHASE_STRIP = NO;
				DEBUG_INFORMATION_FORMAT = dwarf;
				ENABLE_STRICT_OBJC_MSGSEND = YES;
				ENABLE_TESTABILITY = YES;
				GCC_C_LANGUAGE_STANDARD = gnu11;
				GCC_DYNAMIC_NO_PIC = NO;
				GCC_NO_COMMON_BLOCKS = YES;
				GCC_OPTIMIZATION_LEVEL = 0;
				GCC_PREPROCESSOR_DEFINITIONS = (
					"DEBUG=1",
					"$(inherited)",
				);
				GCC_WARN_64_TO_32_BIT_CONVERSION = YES;
				GCC_WARN_ABOUT_RETURN_TYPE = YES_ERROR;
				GCC_WARN_UNDECLARED_SELECTOR = YES;
				GCC_WARN_UNINITIALIZED_AUTOS = YES_AGGRESSIVE;
				GCC_WARN_UNUSED_FUNCTION = YES;
				GCC_WARN_UNUSED_VARIABLE = YES;
				IPHONEOS_DEPLOYMENT_TARGET = 12.2;
				MTL_ENABLE_DEBUG_INFO = INCLUDE_SOURCE;
				MTL_FAST_MATH = YES;
				ONLY_ACTIVE_ARCH = YES;
				SDKROOT = iphoneos;
				SWIFT_ACTIVE_COMPILATION_CONDITIONS = DEBUG;
				SWIFT_OPTIMIZATION_LEVEL = "-Onone";
			};
			name = Debug;
		};
		885D7F302257DE2300EE6CD3 /* Release */ = {
			isa = XCBuildConfiguration;
			buildSettings = {
				ALWAYS_SEARCH_USER_PATHS = NO;
				CLANG_ANALYZER_NONNULL = YES;
				CLANG_ANALYZER_NUMBER_OBJECT_CONVERSION = YES_AGGRESSIVE;
				CLANG_CXX_LANGUAGE_STANDARD = "gnu++14";
				CLANG_CXX_LIBRARY = "libc++";
				CLANG_ENABLE_MODULES = YES;
				CLANG_ENABLE_OBJC_ARC = YES;
				CLANG_ENABLE_OBJC_WEAK = YES;
				CLANG_WARN_BLOCK_CAPTURE_AUTORELEASING = YES;
				CLANG_WARN_BOOL_CONVERSION = YES;
				CLANG_WARN_COMMA = YES;
				CLANG_WARN_CONSTANT_CONVERSION = YES;
				CLANG_WARN_DEPRECATED_OBJC_IMPLEMENTATIONS = YES;
				CLANG_WARN_DIRECT_OBJC_ISA_USAGE = YES_ERROR;
				CLANG_WARN_DOCUMENTATION_COMMENTS = YES;
				CLANG_WARN_EMPTY_BODY = YES;
				CLANG_WARN_ENUM_CONVERSION = YES;
				CLANG_WARN_INFINITE_RECURSION = YES;
				CLANG_WARN_INT_CONVERSION = YES;
				CLANG_WARN_NON_LITERAL_NULL_CONVERSION = YES;
				CLANG_WARN_OBJC_IMPLICIT_RETAIN_SELF = YES;
				CLANG_WARN_OBJC_LITERAL_CONVERSION = YES;
				CLANG_WARN_OBJC_ROOT_CLASS = YES_ERROR;
				CLANG_WARN_RANGE_LOOP_ANALYSIS = YES;
				CLANG_WARN_STRICT_PROTOTYPES = YES;
				CLANG_WARN_SUSPICIOUS_MOVE = YES;
				CLANG_WARN_UNGUARDED_AVAILABILITY = YES_AGGRESSIVE;
				CLANG_WARN_UNREACHABLE_CODE = YES;
				CLANG_WARN__DUPLICATE_METHOD_MATCH = YES;
				CODE_SIGN_IDENTITY = "iPhone Developer";
				COPY_PHASE_STRIP = NO;
				DEBUG_INFORMATION_FORMAT = "dwarf-with-dsym";
				ENABLE_NS_ASSERTIONS = NO;
				ENABLE_STRICT_OBJC_MSGSEND = YES;
				GCC_C_LANGUAGE_STANDARD = gnu11;
				GCC_NO_COMMON_BLOCKS = YES;
				GCC_WARN_64_TO_32_BIT_CONVERSION = YES;
				GCC_WARN_ABOUT_RETURN_TYPE = YES_ERROR;
				GCC_WARN_UNDECLARED_SELECTOR = YES;
				GCC_WARN_UNINITIALIZED_AUTOS = YES_AGGRESSIVE;
				GCC_WARN_UNUSED_FUNCTION = YES;
				GCC_WARN_UNUSED_VARIABLE = YES;
				IPHONEOS_DEPLOYMENT_TARGET = 12.2;
				MTL_ENABLE_DEBUG_INFO = NO;
				MTL_FAST_MATH = YES;
				SDKROOT = iphoneos;
				SWIFT_COMPILATION_MODE = wholemodule;
				SWIFT_OPTIMIZATION_LEVEL = "-O";
				VALIDATE_PRODUCT = YES;
			};
			name = Release;
		};
		885D7F322257DE2300EE6CD3 /* Debug */ = {
			isa = XCBuildConfiguration;
			buildSettings = {
				ASSETCATALOG_COMPILER_APPICON_NAME = AppIcon;
				CODE_SIGN_STYLE = Automatic;
				DEVELOPMENT_TEAM = 4YPDU4DBXS;
				INFOPLIST_FILE = ColorsTableView/Info.plist;
				LD_RUNPATH_SEARCH_PATHS = (
					"$(inherited)",
					"@executable_path/Frameworks",
				);
				PRODUCT_BUNDLE_IDENTIFIER = edu.missouri.ColorsTableView;
				PRODUCT_NAME = "$(TARGET_NAME)";
				SWIFT_VERSION = 5.0;
				TARGETED_DEVICE_FAMILY = "1,2";
			};
			name = Debug;
		};
		885D7F332257DE2300EE6CD3 /* Release */ = {
			isa = XCBuildConfiguration;
			buildSettings = {
				ASSETCATALOG_COMPILER_APPICON_NAME = AppIcon;
				CODE_SIGN_STYLE = Automatic;
				DEVELOPMENT_TEAM = 4YPDU4DBXS;
				INFOPLIST_FILE = ColorsTableView/Info.plist;
				LD_RUNPATH_SEARCH_PATHS = (
					"$(inherited)",
					"@executable_path/Frameworks",
				);
				PRODUCT_BUNDLE_IDENTIFIER = edu.missouri.ColorsTableView;
				PRODUCT_NAME = "$(TARGET_NAME)";
				SWIFT_VERSION = 5.0;
				TARGETED_DEVICE_FAMILY = "1,2";
			};
			name = Release;
		};
		885D7F352257DE2300EE6CD3 /* Debug */ = {
			isa = XCBuildConfiguration;
			buildSettings = {
				ALWAYS_EMBED_SWIFT_STANDARD_LIBRARIES = YES;
				BUNDLE_LOADER = "$(TEST_HOST)";
				CODE_SIGN_STYLE = Automatic;
				DEVELOPMENT_TEAM = 4YPDU4DBXS;
				INFOPLIST_FILE = ColorsTableViewTests/Info.plist;
				LD_RUNPATH_SEARCH_PATHS = (
					"$(inherited)",
					"@executable_path/Frameworks",
					"@loader_path/Frameworks",
				);
				PRODUCT_BUNDLE_IDENTIFIER = edu.missouri.ColorsTableViewTests;
				PRODUCT_NAME = "$(TARGET_NAME)";
				SWIFT_VERSION = 5.0;
				TARGETED_DEVICE_FAMILY = "1,2";
				TEST_HOST = "$(BUILT_PRODUCTS_DIR)/ColorsTableView.app/ColorsTableView";
			};
			name = Debug;
		};
		885D7F362257DE2300EE6CD3 /* Release */ = {
			isa = XCBuildConfiguration;
			buildSettings = {
				ALWAYS_EMBED_SWIFT_STANDARD_LIBRARIES = YES;
				BUNDLE_LOADER = "$(TEST_HOST)";
				CODE_SIGN_STYLE = Automatic;
				DEVELOPMENT_TEAM = 4YPDU4DBXS;
				INFOPLIST_FILE = ColorsTableViewTests/Info.plist;
				LD_RUNPATH_SEARCH_PATHS = (
					"$(inherited)",
					"@executable_path/Frameworks",
					"@loader_path/Frameworks",
				);
				PRODUCT_BUNDLE_IDENTIFIER = edu.missouri.ColorsTableViewTests;
				PRODUCT_NAME = "$(TARGET_NAME)";
				SWIFT_VERSION = 5.0;
				TARGETED_DEVICE_FAMILY = "1,2";
				TEST_HOST = "$(BUILT_PRODUCTS_DIR)/ColorsTableView.app/ColorsTableView";
			};
			name = Release;
		};
		885D7F382257DE2300EE6CD3 /* Debug */ = {
			isa = XCBuildConfiguration;
			buildSettings = {
				ALWAYS_EMBED_SWIFT_STANDARD_LIBRARIES = YES;
				CODE_SIGN_STYLE = Automatic;
				DEVELOPMENT_TEAM = 4YPDU4DBXS;
				INFOPLIST_FILE = ColorsTableViewUITests/Info.plist;
				LD_RUNPATH_SEARCH_PATHS = (
					"$(inherited)",
					"@executable_path/Frameworks",
					"@loader_path/Frameworks",
				);
				PRODUCT_BUNDLE_IDENTIFIER = edu.missouri.ColorsTableViewUITests;
				PRODUCT_NAME = "$(TARGET_NAME)";
				SWIFT_VERSION = 5.0;
				TARGETED_DEVICE_FAMILY = "1,2";
				TEST_TARGET_NAME = ColorsTableView;
			};
			name = Debug;
		};
		885D7F392257DE2300EE6CD3 /* Release */ = {
			isa = XCBuildConfiguration;
			buildSettings = {
				ALWAYS_EMBED_SWIFT_STANDARD_LIBRARIES = YES;
				CODE_SIGN_STYLE = Automatic;
				DEVELOPMENT_TEAM = 4YPDU4DBXS;
				INFOPLIST_FILE = ColorsTableViewUITests/Info.plist;
				LD_RUNPATH_SEARCH_PATHS = (
					"$(inherited)",
					"@executable_path/Frameworks",
					"@loader_path/Frameworks",
				);
				PRODUCT_BUNDLE_IDENTIFIER = edu.missouri.ColorsTableViewUITests;
				PRODUCT_NAME = "$(TARGET_NAME)";
				SWIFT_VERSION = 5.0;
				TARGETED_DEVICE_FAMILY = "1,2";
				TEST_TARGET_NAME = ColorsTableView;
			};
			name = Release;
		};
/* End XCBuildConfiguration section */

/* Begin XCConfigurationList section */
		885D7F042257DE2100EE6CD3 /* Build configuration list for PBXProject "ColorsTableView" */ = {
			isa = XCConfigurationList;
			buildConfigurations = (
				885D7F2F2257DE2300EE6CD3 /* Debug */,
				885D7F302257DE2300EE6CD3 /* Release */,
			);
			defaultConfigurationIsVisible = 0;
			defaultConfigurationName = Release;
		};
		885D7F312257DE2300EE6CD3 /* Build configuration list for PBXNativeTarget "ColorsTableView" */ = {
			isa = XCConfigurationList;
			buildConfigurations = (
				885D7F322257DE2300EE6CD3 /* Debug */,
				885D7F332257DE2300EE6CD3 /* Release */,
			);
			defaultConfigurationIsVisible = 0;
			defaultConfigurationName = Release;
		};
		885D7F342257DE2300EE6CD3 /* Build configuration list for PBXNativeTarget "ColorsTableViewTests" */ = {
			isa = XCConfigurationList;
			buildConfigurations = (
				885D7F352257DE2300EE6CD3 /* Debug */,
				885D7F362257DE2300EE6CD3 /* Release */,
			);
			defaultConfigurationIsVisible = 0;
			defaultConfigurationName = Release;
		};
		885D7F372257DE2300EE6CD3 /* Build configuration list for PBXNativeTarget "ColorsTableViewUITests" */ = {
			isa = XCConfigurationList;
			buildConfigurations = (
				885D7F382257DE2300EE6CD3 /* Debug */,
				885D7F392257DE2300EE6CD3 /* Release */,
			);
			defaultConfigurationIsVisible = 0;
			defaultConfigurationName = Release;
		};
/* End XCConfigurationList section */
	};
	rootObject = 885D7F012257DE2100EE6CD3 /* Project object */;
}
